{
    "_meta": {
        "hash": {
            "sha256": "b3f14e0c1f357898f5a5199d6fc674c9ca62fafd3ca3d5a6c1271e6b669bdc2e"
        },
        "pipfile-spec": 6,
        "requires": {
            "python_version": "3.9"
        },
        "sources": [
            {
                "name": "pypi",
                "url": "https://pypi.org/simple",
                "verify_ssl": true
            }
        ]
    },
    "default": {
        "blinker": {
            "hashes": [
                "sha256:c3f865d4d54db7abc53758a01601cf343fe55b84c1de4e3fa910e420b438d5b9",
                "sha256:e6820ff6fa4e4d1d8e2747c2283749c3f547e4fee112b98555cdcdae32996182"
            ],
            "markers": "python_version >= '3.8'",
            "version": "==1.7.0"
        },
        "click": {
            "hashes": [
                "sha256:ae74fb96c20a0277a1d615f1e4d73c8414f5a98db8b799a7931d1582f3390c28",
                "sha256:ca9853ad459e787e2192211578cc907e7594e294c7ccc834310722b41b9ca6de"
            ],
            "markers": "python_version >= '3.7'",
            "version": "==8.1.7"
        },
        "dnspython": {
            "hashes": [
                "sha256:5ef3b9680161f6fa89daf8ad451b5f1a33b18ae8a1c6778cdf4b43f08c0a6e50",
                "sha256:e8f0f9c23a7b7cb99ded64e6c3a6f3e701d78f50c55e002b839dea7225cff7cc"
            ],
            "markers": "python_version >= '3.8'",
            "version": "==2.6.1"
        },
        "flask": {
            "hashes": [
                "sha256:3232e0e9c850d781933cf0207523d1ece087eb8d87b23777ae38456e2fbe7c6e",
                "sha256:822c03f4b799204250a7ee84b1eddc40665395333973dfb9deebfe425fefcb7d"
            ],
            "index": "pypi",
            "markers": "python_version >= '3.8'",
            "version": "==3.0.2"
        },
        "flask-cors": {
            "hashes": [
                "sha256:bc3492bfd6368d27cfe79c7821df5a8a319e1a6d5eab277a3794be19bdc51783",
                "sha256:f268522fcb2f73e2ecdde1ef45e2fd5c71cc48fe03cffb4b441c6d1b40684eb0"
            ],
            "index": "pypi",
            "version": "==4.0.0"
        },
        "gunicorn": {
            "hashes": [
                "sha256:3213aa5e8c24949e792bcacfc176fef362e7aac80b76c56f6b5122bf350722f0",
                "sha256:88ec8bff1d634f98e61b9f65bc4bf3cd918a90806c6f5c48bc5603849ec81033"
            ],
            "index": "pypi",
            "markers": "python_version >= '3.5'",
            "version": "==21.2.0"
        },
        "importlib-metadata": {
            "hashes": [
                "sha256:4805911c3a4ec7c3966410053e9ec6a1fecd629117df5adee56dfc9432a1081e",
                "sha256:f238736bb06590ae52ac1fab06a3a9ef1d8dce2b7a35b5ab329371d6c8f5d2cc"
            ],
            "markers": "python_version < '3.10'",
            "version": "==7.0.1"
        },
        "itsdangerous": {
            "hashes": [
                "sha256:2c2349112351b88699d8d4b6b075022c0808887cb7ad10069318a8b0bc88db44",
                "sha256:5dbbc68b317e5e42f327f9021763545dc3fc3bfe22e6deb96aaf1fc38874156a"
            ],
            "markers": "python_version >= '3.7'",
            "version": "==2.1.2"
        },
        "jinja2": {
            "hashes": [
                "sha256:7d6d50dd97d52cbc355597bd845fabfbac3f551e1f99619e39a35ce8c370b5fa",
                "sha256:ac8bd6544d4bb2c9792bf3a159e80bba8fda7f07e81bc3aed565432d5925ba90"
            ],
            "markers": "python_version >= '3.7'",
            "version": "==3.1.3"
        },
        "markupsafe": {
            "hashes": [
                "sha256:00e046b6dd71aa03a41079792f8473dc494d564611a8f89bbbd7cb93295ebdcf",
                "sha256:075202fa5b72c86ad32dc7d0b56024ebdbcf2048c0ba09f1cde31bfdd57bcfff",
                "sha256:0e397ac966fdf721b2c528cf028494e86172b4feba51d65f81ffd65c63798f3f",
                "sha256:17b950fccb810b3293638215058e432159d2b71005c74371d784862b7e4683f3",
                "sha256:1f3fbcb7ef1f16e48246f704ab79d79da8a46891e2da03f8783a5b6fa41a9532",
                "sha256:2174c595a0d73a3080ca3257b40096db99799265e1c27cc5a610743acd86d62f",
                "sha256:2b7c57a4dfc4f16f7142221afe5ba4e093e09e728ca65c51f5620c9aaeb9a617",
                "sha256:2d2d793e36e230fd32babe143b04cec8a8b3eb8a3122d2aceb4a371e6b09b8df",
                "sha256:30b600cf0a7ac9234b2638fbc0fb6158ba5bdcdf46aeb631ead21248b9affbc4",
                "sha256:397081c1a0bfb5124355710fe79478cdbeb39626492b15d399526ae53422b906",
                "sha256:3a57fdd7ce31c7ff06cdfbf31dafa96cc533c21e443d57f5b1ecc6cdc668ec7f",
                "sha256:3c6b973f22eb18a789b1460b4b91bf04ae3f0c4234a0a6aa6b0a92f6f7b951d4",
                "sha256:3e53af139f8579a6d5f7b76549125f0d94d7e630761a2111bc431fd820e163b8",
                "sha256:4096e9de5c6fdf43fb4f04c26fb114f61ef0bf2e5604b6ee3019d51b69e8c371",
                "sha256:4275d846e41ecefa46e2015117a9f491e57a71ddd59bbead77e904dc02b1bed2",
                "sha256:4c31f53cdae6ecfa91a77820e8b151dba54ab528ba65dfd235c80b086d68a465",
                "sha256:4f11aa001c540f62c6166c7726f71f7573b52c68c31f014c25cc7901deea0b52",
                "sha256:5049256f536511ee3f7e1b3f87d1d1209d327e818e6ae1365e8653d7e3abb6a6",
                "sha256:58c98fee265677f63a4385256a6d7683ab1832f3ddd1e66fe948d5880c21a169",
                "sha256:598e3276b64aff0e7b3451b72e94fa3c238d452e7ddcd893c3ab324717456bad",
                "sha256:5b7b716f97b52c5a14bffdf688f971b2d5ef4029127f1ad7a513973cfd818df2",
                "sha256:5dedb4db619ba5a2787a94d877bc8ffc0566f92a01c0ef214865e54ecc9ee5e0",
                "sha256:619bc166c4f2de5caa5a633b8b7326fbe98e0ccbfacabd87268a2b15ff73a029",
                "sha256:629ddd2ca402ae6dbedfceeba9c46d5f7b2a61d9749597d4307f943ef198fc1f",
                "sha256:656f7526c69fac7f600bd1f400991cc282b417d17539a1b228617081106feb4a",
                "sha256:6ec585f69cec0aa07d945b20805be741395e28ac1627333b1c5b0105962ffced",
                "sha256:72b6be590cc35924b02c78ef34b467da4ba07e4e0f0454a2c5907f473fc50ce5",
                "sha256:7502934a33b54030eaf1194c21c692a534196063db72176b0c4028e140f8f32c",
                "sha256:7a68b554d356a91cce1236aa7682dc01df0edba8d043fd1ce607c49dd3c1edcf",
                "sha256:7b2e5a267c855eea6b4283940daa6e88a285f5f2a67f2220203786dfa59b37e9",
                "sha256:823b65d8706e32ad2df51ed89496147a42a2a6e01c13cfb6ffb8b1e92bc910bb",
                "sha256:8590b4ae07a35970728874632fed7bd57b26b0102df2d2b233b6d9d82f6c62ad",
                "sha256:8dd717634f5a044f860435c1d8c16a270ddf0ef8588d4887037c5028b859b0c3",
                "sha256:8dec4936e9c3100156f8a2dc89c4b88d5c435175ff03413b443469c7c8c5f4d1",
                "sha256:97cafb1f3cbcd3fd2b6fbfb99ae11cdb14deea0736fc2b0952ee177f2b813a46",
                "sha256:a17a92de5231666cfbe003f0e4b9b3a7ae3afb1ec2845aadc2bacc93ff85febc",
                "sha256:a549b9c31bec33820e885335b451286e2969a2d9e24879f83fe904a5ce59d70a",
                "sha256:ac07bad82163452a6884fe8fa0963fb98c2346ba78d779ec06bd7a6262132aee",
                "sha256:ae2ad8ae6ebee9d2d94b17fb62763125f3f374c25618198f40cbb8b525411900",
                "sha256:b91c037585eba9095565a3556f611e3cbfaa42ca1e865f7b8015fe5c7336d5a5",
                "sha256:bc1667f8b83f48511b94671e0e441401371dfd0f0a795c7daa4a3cd1dde55bea",
                "sha256:bec0a414d016ac1a18862a519e54b2fd0fc8bbfd6890376898a6c0891dd82e9f",
                "sha256:bf50cd79a75d181c9181df03572cdce0fbb75cc353bc350712073108cba98de5",
                "sha256:bff1b4290a66b490a2f4719358c0cdcd9bafb6b8f061e45c7a2460866bf50c2e",
                "sha256:c061bb86a71b42465156a3ee7bd58c8c2ceacdbeb95d05a99893e08b8467359a",
                "sha256:c8b29db45f8fe46ad280a7294f5c3ec36dbac9491f2d1c17345be8e69cc5928f",
                "sha256:ce409136744f6521e39fd8e2a24c53fa18ad67aa5bc7c2cf83645cce5b5c4e50",
                "sha256:d050b3361367a06d752db6ead6e7edeb0009be66bc3bae0ee9d97fb326badc2a",
                "sha256:d283d37a890ba4c1ae73ffadf8046435c76e7bc2247bbb63c00bd1a709c6544b",
                "sha256:d9fad5155d72433c921b782e58892377c44bd6252b5af2f67f16b194987338a4",
                "sha256:daa4ee5a243f0f20d528d939d06670a298dd39b1ad5f8a72a4275124a7819eff",
                "sha256:db0b55e0f3cc0be60c1f19efdde9a637c32740486004f20d1cff53c3c0ece4d2",
                "sha256:e61659ba32cf2cf1481e575d0462554625196a1f2fc06a1c777d3f48e8865d46",
                "sha256:ea3d8a3d18833cf4304cd2fc9cbb1efe188ca9b5efef2bdac7adc20594a0e46b",
                "sha256:ec6a563cff360b50eed26f13adc43e61bc0c04d94b8be985e6fb24b81f6dcfdf",
                "sha256:f5dfb42c4604dddc8e4305050aa6deb084540643ed5804d7455b5df8fe16f5e5",
                "sha256:fa173ec60341d6bb97a89f5ea19c85c5643c1e7dedebc22f5181eb73573142c5",
                "sha256:fa9db3f79de01457b03d4f01b34cf91bc0048eb2c3846ff26f66687c2f6d16ab",
                "sha256:fce659a462a1be54d2ffcacea5e3ba2d74daa74f30f5f143fe0c58636e355fdd",
                "sha256:ffee1f21e5ef0d712f9033568f8344d5da8cc2869dbd08d87c84656e6a2d2f68"
            ],
            "markers": "python_version >= '3.7'",
            "version": "==2.1.5"
        },
        "packaging": {
            "hashes": [
                "sha256:048fb0e9405036518eaaf48a55953c750c11e1a1b68e0dd1a9d62ed0c092cfc5",
                "sha256:8c491190033a9af7e1d931d0b5dacc2ef47509b34dd0de67ed209b5203fc88c7"
            ],
            "markers": "python_version >= '3.7'",
            "version": "==23.2"
        },
        "pymongo": {
            "hashes": [
                "sha256:097791d5a8d44e2444e0c8c4d6e14570ac11e22bcb833808885a5db081c3dc2a",
                "sha256:0d002ae456a15b1d790a78bb84f87af21af1cb716a63efb2c446ab6bcbbc48ca",
                "sha256:0fbdbf2fba1b4f5f1522e9f11e21c306e095b59a83340a69e908f8ed9b450070",
                "sha256:1849fd6f1917b4dc5dbf744b2f18e41e0538d08dd8e9ba9efa811c5149d665a3",
                "sha256:18c422e6b08fa370ed9d8670c67e78d01f50d6517cec4522aa8627014dfa38b6",
                "sha256:1f251f287e6d42daa3654b686ce1fcb6d74bf13b3907c3ae25954978c70f2cd4",
                "sha256:1f5f4cd2969197e25b67e24d5b8aa2452d381861d2791d06c493eaa0b9c9fcfe",
                "sha256:1f706c1a644ed33eaea91df0a8fb687ce572b53eeb4ff9b89270cb0247e5d0e1",
                "sha256:2160d9c8cd20ce1f76a893f0daf7c0d38af093f36f1b5c9f3dcf3e08f7142814",
                "sha256:2b575fbe6396bbf21e4d0e5fd2e3cdb656dc90c930b6c5532192e9a89814f72d",
                "sha256:2b65433c90e07dc252b4a55dfd885ca0df94b1cf77c5b8709953ec1983aadc03",
                "sha256:2f7b98f8d2cf3eeebde738d080ae9b4276d7250912d9751046a9ac1efc9b1ce2",
                "sha256:311794ef3ccae374aaef95792c36b0e5c06e8d5cf04a1bdb1b2bf14619ac881f",
                "sha256:362a5adf6f3f938a8ff220a4c4aaa93e84ef932a409abecd837c617d17a5990f",
                "sha256:397949a9cc85e4a1452f80b7f7f2175d557237177120954eff00bf79553e89d3",
                "sha256:3a5280f496297537301e78bde250c96fadf4945e7b2c397d8bb8921861dd236d",
                "sha256:3e03c732cb64b96849310e1d8688fb70d75e2571385485bf2f1e7ad1d309fa53",
                "sha256:3e9f6e2f3da0a6af854a3e959a6962b5f8b43bbb8113cd0bff0421c5059b3106",
                "sha256:4522ad69a4ab0e1b46a8367d62ad3865b8cd54cf77518c157631dac1fdc97584",
                "sha256:477914e13501bb1d4608339ee5bb618be056d2d0e7267727623516cfa902e652",
                "sha256:4993593de44c741d1e9f230f221fe623179f500765f9855936e4ff6f33571bad",
                "sha256:4d982c6db1da7cf3018183891883660ad085de97f21490d314385373f775915b",
                "sha256:4e2129ec8f72806751b621470ac5d26aaa18fae4194796621508fa0e6068278a",
                "sha256:4fa30494601a6271a8b416554bd7cde7b2a848230f0ec03e3f08d84565b4bf8c",
                "sha256:5379ca6fd325387a34cda440aec2bd031b5ef0b0aa2e23b4981945cff1dab84c",
                "sha256:579508536113dbd4c56e4738955a18847e8a6c41bf3c0b4ab18b51d81a6b7be8",
                "sha256:57c05f2e310701fc17ae358caafd99b1830014e316f0242d13ab6c01db0ab1c2",
                "sha256:5c2f258489de12a65b81e1b803a531ee8cf633fa416ae84de65cd5f82d2ceb37",
                "sha256:5db133d6ec7a4f7fc7e2bd098e4df23d7ad949f7be47b27b515c9fb9301c61e4",
                "sha256:5f6bcd2d012d82d25191a911a239fd05a8a72e8c5a7d81d056c0f3520cad14d1",
                "sha256:6125f73503407792c8b3f80165f8ab88a4e448d7d9234c762681a4d0b446fcb4",
                "sha256:64ec3e2dcab9af61bdbfcb1dd863c70d1b0c220b8e8ac11df8b57f80ee0402b3",
                "sha256:658f6c028edaeb02761ebcaca8d44d519c22594b2a51dcbc9bd2432aa93319e3",
                "sha256:68109c13176749fbbbbbdb94dd4a58dcc604db6ea43ee300b2602154aebdd55f",
                "sha256:6ceaaff4b812ae368cf9774989dea81b9bbb71e5bed666feca6a9f3087c03e49",
                "sha256:707d28a822b918acf941cff590affaddb42a5d640614d71367c8956623a80cbc",
                "sha256:7640d176ee5b0afec76a1bda3684995cb731b2af7fcfd7c7ef8dc271c5d689af",
                "sha256:7dd63f7c2b3727541f7f37d0fb78d9942eb12a866180fbeb898714420aad74e2",
                "sha256:8110b78fc4b37dced85081d56795ecbee6a7937966e918e05e33a3900e8ea07d",
                "sha256:84593447a5c5fe7a59ba86b72c2c89d813fbac71c07757acdf162fbfd5d005b9",
                "sha256:8caa73fb19070008e851a589b744aaa38edd1366e2487284c61158c77fdf72af",
                "sha256:91ddf95cedca12f115fbc5f442b841e81197d85aa3cc30b82aee3635a5208af2",
                "sha256:94637941fe343000f728e28d3fe04f1f52aec6376b67b85583026ff8dab2a0e0",
                "sha256:97d81d357e1a2a248b3494d52ebc8bf15d223ee89d59ee63becc434e07438a24",
                "sha256:991e406db5da4d89fb220a94d8caaf974ffe14ce6b095957bae9273c609784a0",
                "sha256:9aebddb2ec2128d5fc2fe3aee6319afef8697e0374f8a1fcca3449d6f625e7b4",
                "sha256:9d511db310f43222bc58d811037b176b4b88dc2b4617478c5ef01fea404f8601",
                "sha256:9eec7140cf7513aa770ea51505d312000c7416626a828de24318fdcc9ac3214c",
                "sha256:9f86ba0c781b497a3c9c886765d7b6402a0e3ae079dd517365044c89cd7abb06",
                "sha256:a509db602462eb736666989739215b4b7d8f4bb8ac31d0bffd4be9eae96c63ef",
                "sha256:aaecfafb407feb6f562c7f2f5b91f22bfacba6dd739116b1912788cff7124c4a",
                "sha256:ab7d01ac832a1663dad592ccbd92bb0f0775bc8f98a1923c5e1a7d7fead495af",
                "sha256:ac20dd0c7b42555837c86f5ea46505f35af20a08b9cf5770cd1834288d8bd1b4",
                "sha256:b2d445f1cf147331947cc35ec10342f898329f29dd1947a3f8aeaf7e0e6878d1",
                "sha256:b2dd8c874927a27995f64a3b44c890e8a944c98dec1ba79eab50e07f1e3f801b",
                "sha256:ba052446a14bd714ec83ca4e77d0d97904f33cd046d7bb60712a6be25eb31dbb",
                "sha256:bea62f03a50f363265a7a651b4e2a4429b4f138c1864b2d83d4bf6f9851994be",
                "sha256:bff601fbfcecd2166d9a2b70777c2985cb9689e2befb3278d91f7f93a0456cae",
                "sha256:c3797e0a628534e07a36544d2bfa69e251a578c6d013e975e9e3ed2ac41f2d95",
                "sha256:c43205e85cbcbdf03cff62ad8f50426dd9d20134a915cfb626d805bab89a1844",
                "sha256:c68bf4a399e37798f1b5aa4f6c02886188ef465f4ac0b305a607b7579413e366",
                "sha256:c9519c9d341983f3a1bd19628fecb1d72a48d8666cf344549879f2e63f54463b",
                "sha256:ca5877754f3fa6e4fe5aacf5c404575f04c2d9efc8d22ed39576ed9098d555c8",
                "sha256:d0257e0eebb50f242ca28a92ef195889a6ad03dcdde5bf1c7ab9f38b7e810801",
                "sha256:d788cb5cc947d78934be26eef1623c78cec3729dc93a30c23f049b361aa6d835",
                "sha256:d7d227a60b00925dd3aeae4675575af89c661a8e89a1f7d1677e57eba4a3693c",
                "sha256:df813f0c2c02281720ccce225edf39dc37855bf72cdfde6f789a1d1cf32ffb4b",
                "sha256:e0b208ebec3b47ee78a5c836e2e885e8c1e10f8ffd101aaec3d63997a4bdcd04",
                "sha256:e571434633f99a81e081738721bb38e697345281ed2f79c2f290f809ba3fbb2f",
                "sha256:e78af59fd0eb262c2a5f7c7d7e3b95e8596a75480d31087ca5f02f2d4c6acd19",
                "sha256:e942945e9112075a84d2e2d6e0d0c98833cdcdfe48eb8952b917f996025c7ffa",
                "sha256:ebd343ca44982d480f1e39372c48e8e263fc6f32e9af2be456298f146a3db715",
                "sha256:ed694c0d1977cb54281cb808bc2b247c17fb64b678a6352d3b77eb678ebe1bd9",
                "sha256:ee30a9d4c27a88042d0636aca0275788af09cc237ae365cd6ebb34524bddb9cc",
                "sha256:f1febca6f79e91feafc572906871805bd9c271b6a2d98a8bb5499b6ace0befed",
                "sha256:f251db26c239aec2a4d57fbe869e0a27b7f6b5384ec6bf54aeb4a6a5e7408234",
                "sha256:f3bae553ca39ed52db099d76acd5e8566096064dc7614c34c9359bb239ec4081",
                "sha256:f673b64a0884edcc56073bda0b363428dc1bf4eb1b5e7d0b689f7ec6173edad6",
                "sha256:fa0bbbfbd1f8ebbd5facaa10f9f333b20027b240af012748555148943616fdf3",
                "sha256:fb24abcd50501b25d33a074c1790a1389b6460d2509e4b240d03fd2e5c79f463",
                "sha256:fbafe3a1df21eeadb003c38fc02c1abf567648b6477ec50c4a3c042dca205371",
                "sha256:fe010154dfa9e428bd2fb3e9325eff2216ab20a69ccbd6b5cac6785ca2989161"
            ],
            "index": "pypi",
            "markers": "python_version >= '3.7'",
            "version": "==4.6.2"
        },
        "werkzeug": {
            "hashes": [
                "sha256:507e811ecea72b18a404947aded4b3390e1db8f826b494d76550ef45bb3b1dcc",
                "sha256:90a285dc0e42ad56b34e696398b8122ee4c681833fb35b8334a095d82c56da10"
            ],
            "markers": "python_version >= '3.8'",
            "version": "==3.0.1"
        },
        "zipp": {
            "hashes": [
                "sha256:0e923e726174922dce09c53c59ad483ff7bbb8e572e00c7f7c46b88556409f31",
                "sha256:84e64a1c28cf7e91ed2078bb8cc8c259cb19b76942096c8d7b84947690cabaf0"
            ],
            "markers": "python_version >= '3.8'",
            "version": "==3.17.0"
        }
    },
    "develop": {}
}
